
Microsoft Visual Studio Solution File, Format Version 12.00
# Visual Studio Version 16
VisualStudioVersion = 16.0.30503.244
MinimumVisualStudioVersion = 10.0.40219.1
Project("{9A19103F-16F7-4668-BE54-9A1E7A4F7556}") = "ALG.Application", "src\ALG.Application\ALG.Application.csproj", "{06541487-2143-407E-B8EB-801BACE68B10}"
EndProject
Project("{9A19103F-16F7-4668-BE54-9A1E7A4F7556}") = "ALG.Core", "src\ALG.Core\ALG.Core.csproj", "{9A9C250B-BD81-46EB-AF68-F0A522C5CBC4}"
EndProject
Project("{9A19103F-16F7-4668-BE54-9A1E7A4F7556}") = "ALG.EntityFrameworkCore", "src\ALG.EntityFrameworkCore\ALG.EntityFrameworkCore.csproj", "{D256D070-FAF1-460A-821F-BB7575BBBD62}"
EndProject
Project("{9A19103F-16F7-4668-BE54-9A1E7A4F7556}") = "ALG.Test", "test\ALG.Test\ALG.Test.csproj", "{D52AEC02-754D-4FEF-AB75-85FC43A0E316}"
EndProject
Project("{FAE04EC0-301F-11D3-BF4B-00C04F79EFBC}") = "ALG.Web.Host", "src\ALG.Web.Host\ALG.Web.Host.csproj", "{58E6D1F7-071E-4DEC-B029-315F96F30598}"
EndProject
Global
	GlobalSection(SolutionConfigurationPlatforms) = preSolution
		Debug|Any CPU = Debug|Any CPU
		Release|Any CPU = Release|Any CPU
	EndGlobalSection
	GlobalSection(ProjectConfigurationPlatforms) = postSolution
		{06541487-2143-407E-B8EB-801BACE68B10}.Debug|Any CPU.ActiveCfg = Debug|Any CPU
		{06541487-2143-407E-B8EB-801BACE68B10}.Debug|Any CPU.Build.0 = Debug|Any CPU
		{06541487-2143-407E-B8EB-801BACE68B10}.Release|Any CPU.ActiveCfg = Release|Any CPU
		{06541487-2143-407E-B8EB-801BACE68B10}.Release|Any CPU.Build.0 = Release|Any CPU
		{9A9C250B-BD81-46EB-AF68-F0A522C5CBC4}.Debug|Any CPU.ActiveCfg = Debug|Any CPU
		{9A9C250B-BD81-46EB-AF68-F0A522C5CBC4}.Debug|Any CPU.Build.0 = Debug|Any CPU
		{9A9C250B-BD81-46EB-AF68-F0A522C5CBC4}.Release|Any CPU.ActiveCfg = Release|Any CPU
		{9A9C250B-BD81-46EB-AF68-F0A522C5CBC4}.Release|Any CPU.Build.0 = Release|Any CPU
		{D256D070-FAF1-460A-821F-BB7575BBBD62}.Debug|Any CPU.ActiveCfg = Debug|Any CPU
		{D256D070-FAF1-460A-821F-BB7575BBBD62}.Debug|Any CPU.Build.0 = Debug|Any CPU
		{D256D070-FAF1-460A-821F-BB7575BBBD62}.Release|Any CPU.ActiveCfg = Release|Any CPU
		{D256D070-FAF1-460A-821F-BB7575BBBD62}.Release|Any CPU.Build.0 = Release|Any CPU
		{D52AEC02-754D-4FEF-AB75-85FC43A0E316}.Debug|Any CPU.ActiveCfg = Debug|Any CPU
		{D52AEC02-754D-4FEF-AB75-85FC43A0E316}.Debug|Any CPU.Build.0 = Debug|Any CPU
		{D52AEC02-754D-4FEF-AB75-85FC43A0E316}.Release|Any CPU.ActiveCfg = Release|Any CPU
		{D52AEC02-754D-4FEF-AB75-85FC43A0E316}.Release|Any CPU.Build.0 = Release|Any CPU
		{58E6D1F7-071E-4DEC-B029-315F96F30598}.Debug|Any CPU.ActiveCfg = Debug|Any CPU
		{58E6D1F7-071E-4DEC-B029-315F96F30598}.Debug|Any CPU.Build.0 = Debug|Any CPU
		{58E6D1F7-071E-4DEC-B029-315F96F30598}.Release|Any CPU.ActiveCfg = Release|Any CPU
		{58E6D1F7-071E-4DEC-B029-315F96F30598}.Release|Any CPU.Build.0 = Release|Any CPU
	EndGlobalSection
	GlobalSection(SolutionProperties) = preSolution
		HideSolutionNode = FALSE
	EndGlobalSection
	GlobalSection(ExtensibilityGlobals) = postSolution
		SolutionGuid = {9E0D4C94-F6D7-4C97-B3CB-2A671647469F}
	EndGlobalSection
EndGlobal
